
Microsoft Visual Studio Solution File, Format Version 12.00
# Visual Studio Version 16
VisualStudioVersion = 16.0.30804.86
MinimumVisualStudioVersion = 10.0.40219.1
Project("{8BC9CEB8-8B4A-11D0-8D11-00A0C91BC942}") = "DarkModManager", "DarkModManager.vcxproj", "{6FD3481E-C192-4387-A899-5F99F4B6C321}"
EndProject
Global
	GlobalSection(SolutionConfigurationPlatforms) = preSolution
		Debug|Win32 = Debug|Win32
		Release|Win32 = Release|Win32
	EndGlobalSection
	GlobalSection(ProjectConfigurationPlatforms) = postSolution
		{6FD3481E-C192-4387-A899-5F99F4B6C321}.Debug|Win32.ActiveCfg = Debug|Win32
		{6FD3481E-C192-4387-A899-5F99F4B6C321}.Debug|Win32.Build.0 = Debug|Win32
		{6FD3481E-C192-4387-A899-5F99F4B6C321}.Release|Win32.ActiveCfg = Release|Win32
		{6FD3481E-C192-4387-A899-5F99F4B6C321}.Release|Win32.Build.0 = Release|Win32
	EndGlobalSection
	GlobalSection(SolutionProperties) = preSolution
		HideSolutionNode = FALSE
	EndGlobalSection
	GlobalSection(ExtensibilityGlobals) = postSolution
		SolutionGuid = {E831B9AA-7B1B-4278-8D0F-3F20DFDBFAEA}
	EndGlobalSection
EndGlobal
