<?xml version="1.0" encoding="utf-8"?>
<Project ToolsVersion="4.0" xmlns="http://schemas.microsoft.com/developer/msbuild/2003">
  <ItemGroup>
    <Filter Include="wxFormBuilder">
      <UniqueIdentifier>{f22c0784-92f2-453d-94d9-7170cee78a62}</UniqueIdentifier>
    </Filter>
    <Filter Include="Resource">
      <UniqueIdentifier>{6cf97540-2fab-4e4a-b2fc-d3ec61c1e0b1}</UniqueIdentifier>
    </Filter>
    <Filter Include="Source">
      <UniqueIdentifier>{d7684929-d5bd-419f-a9bd-f4d507347db7}</UniqueIdentifier>
    </Filter>
    <Filter Include="Source\Precompiled">
      <UniqueIdentifier>{3e605d83-d223-4e1c-8e5b-463dd038c635}</UniqueIdentifier>
    </Filter>
  </ItemGroup>
  <ItemGroup>
    <ClCompile Include="..\Source\Precompiled\Precompiled.cpp">
      <Filter>Source\Precompiled</Filter>
    </ClCompile>
    <ClCompile Include="..\wxFormBuilder\SS2BlueModManager.cpp">
      <Filter>wxFormBuilder</Filter>
    </ClCompile>
    <ClCompile Include="..\Source\AboutDialog.cpp">
      <Filter>Source</Filter>
    </ClCompile>
    <ClCompile Include="..\Source\Application.cpp">
      <Filter>Source</Filter>
    </ClCompile>
    <ClCompile Include="..\Source\ApplicationInfo.cpp">
      <Filter>Source</Filter>
    </ClCompile>
    <ClCompile Include="..\Source\Config.cpp">
      <Filter>Source</Filter>
    </ClCompile>
    <ClCompile Include="..\Source\MainFrame.cpp">
      <Filter>Source</Filter>
    </ClCompile>
    <ClCompile Include="..\Source\Mod.cpp">
      <Filter>Source</Filter>
    </ClCompile>
    <ClCompile Include="..\Source\ModManager.cpp">
      <Filter>Source</Filter>
    </ClCompile>
    <ClCompile Include="..\Source\Utils.cpp">
      <Filter>Source</Filter>
    </ClCompile>
    <ClCompile Include="..\Source\StatusBarManipulator.cpp">
      <Filter>Source</Filter>
    </ClCompile>
    <ClCompile Include="..\Source\ShellRun.cpp">
      <Filter>Source</Filter>
    </ClCompile>
    <ClCompile Include="..\Source\Message.cpp">
      <Filter>Source</Filter>
    </ClCompile>
    <ClCompile Include="..\Source\CustomEvent.cpp">
      <Filter>Source</Filter>
    </ClCompile>
    <ClCompile Include="..\Source\SelectGameFolderDialog.cpp">
      <Filter>Source</Filter>
    </ClCompile>
    <ClCompile Include="..\Source\ModExtractor.cpp">
      <Filter>Source</Filter>
    </ClCompile>
  </ItemGroup>
  <ItemGroup>
    <ClInclude Include="..\Source\Precompiled\Precompiled.hpp">
      <Filter>Source\Precompiled</Filter>
    </ClInclude>
    <ClInclude Include="..\wxFormBuilder\SS2BlueModManager.h">
      <Filter>wxFormBuilder</Filter>
    </ClInclude>
    <ClInclude Include="..\Source\AboutDialog.hpp">
      <Filter>Source</Filter>
    </ClInclude>
    <ClInclude Include="..\Source\Application.hpp">
      <Filter>Source</Filter>
    </ClInclude>
    <ClInclude Include="..\Source\ApplicationConfig.hpp">
      <Filter>Source</Filter>
    </ClInclude>
    <ClInclude Include="..\Source\ApplicationInfo.hpp">
      <Filter>Source</Filter>
    </ClInclude>
    <ClInclude Include="..\Source\Config.hpp">
      <Filter>Source</Filter>
    </ClInclude>
    <ClInclude Include="..\Source\MainFrame.hpp">
      <Filter>Source</Filter>
    </ClInclude>
    <ClInclude Include="..\Source\Mod.hpp">
      <Filter>Source</Filter>
    </ClInclude>
    <ClInclude Include="..\Source\ModConfig.hpp">
      <Filter>Source</Filter>
    </ClInclude>
    <ClInclude Include="..\Source\ModManager.hpp">
      <Filter>Source</Filter>
    </ClInclude>
    <ClInclude Include="..\Source\Utils.hpp">
      <Filter>Source</Filter>
    </ClInclude>
    <ClInclude Include="..\Source\StatusBarManipulator.hpp">
      <Filter>Source</Filter>
    </ClInclude>
    <ClInclude Include="..\Source\TransparentStaticText.hpp">
      <Filter>Source</Filter>
    </ClInclude>
    <ClInclude Include="..\Source\ShellRun.hpp">
      <Filter>Source</Filter>
    </ClInclude>
    <ClInclude Include="..\Source\Message.hpp">
      <Filter>Source</Filter>
    </ClInclude>
    <ClInclude Include="..\Source\InstallConfig.hpp">
      <Filter>Source</Filter>
    </ClInclude>
    <ClInclude Include="..\Source\CustomEvent.hpp">
      <Filter>Source</Filter>
    </ClInclude>
    <ClInclude Include="..\Source\SelectGameFolderDialog.hpp">
      <Filter>Source</Filter>
    </ClInclude>
    <ClInclude Include="..\Source\ModExtractor.hpp">
      <Filter>Source</Filter>
    </ClInclude>
  </ItemGroup>
  <ItemGroup>
    <ResourceCompile Include="..\Resource\Resource.rc">
      <Filter>Resource</Filter>
    </ResourceCompile>
  </ItemGroup>
</Project>